// !$*UTF8*$!
{
	archiveVersion = 1;
	classes = {
	};
	objectVersion = 50;
	objects = {

/* Begin PBXBuildFile section */
		A7258D5726D27E610008C852 /* HomeViewRow.swift in Sources */ = {isa = PBXBuildFile; fileRef = A7258D5626D27E610008C852 /* HomeViewRow.swift */; };
		A7258D5926D28A0F0008C852 /* ContentView.swift in Sources */ = {isa = PBXBuildFile; fileRef = A7258D5826D28A0F0008C852 /* ContentView.swift */; };
		A7258D5B26D290460008C852 /* ContentViewRow.swift in Sources */ = {isa = PBXBuildFile; fileRef = A7258D5A26D290460008C852 /* ContentViewRow.swift */; };
		A7258D5F26D292340008C852 /* ContentDetailView.swift in Sources */ = {isa = PBXBuildFile; fileRef = A7258D5E26D292340008C852 /* ContentDetailView.swift */; };
		A7258D6226D293EE0008C852 /* AVKit.framework in Frameworks */ = {isa = PBXBuildFile; fileRef = A7258D6126D293EE0008C852 /* AVKit.framework */; };
		A7258D6426D294F80008C852 /* Constants.swift in Sources */ = {isa = PBXBuildFile; fileRef = A7258D6326D294F80008C852 /* Constants.swift */; };
		A74E0AD826D26EC700C4929C /* style.html in Resources */ = {isa = PBXBuildFile; fileRef = A74E0AD626D26EC600C4929C /* style.html */; };
		A74E0AD926D26EC700C4929C /* data.json in Resources */ = {isa = PBXBuildFile; fileRef = A74E0AD726D26EC700C4929C /* data.json */; };
		A74E0ADB26D2713D00C4929C /* allModels.swift in Sources */ = {isa = PBXBuildFile; fileRef = A74E0ADA26D2713D00C4929C /* allModels.swift */; };
		A7782D6626CEECC2008B233D /* LearningApp.swift in Sources */ = {isa = PBXBuildFile; fileRef = A7782D6526CEECC2008B233D /* LearningApp.swift */; };
		A7782D6826CEECC2008B233D /* HomeView.swift in Sources */ = {isa = PBXBuildFile; fileRef = A7782D6726CEECC2008B233D /* HomeView.swift */; };
		A7782D6A26CEECC5008B233D /* Assets.xcassets in Resources */ = {isa = PBXBuildFile; fileRef = A7782D6926CEECC5008B233D /* Assets.xcassets */; };
		A7782D6D26CEECC5008B233D /* Preview Assets.xcassets in Resources */ = {isa = PBXBuildFile; fileRef = A7782D6C26CEECC5008B233D /* Preview Assets.xcassets */; };
		A7782D7A26CEEDE8008B233D /* ContentModel.swift in Sources */ = {isa = PBXBuildFile; fileRef = A7782D7926CEEDE8008B233D /* ContentModel.swift */; };
		A7B7CFC926D7AFAE00879A64 /* CodeTextView.swift in Sources */ = {isa = PBXBuildFile; fileRef = A7B7CFC826D7AFAE00879A64 /* CodeTextView.swift */; };
/* End PBXBuildFile section */

/* Begin PBXFileReference section */
		A7258D5626D27E610008C852 /* HomeViewRow.swift */ = {isa = PBXFileReference; lastKnownFileType = sourcecode.swift; path = HomeViewRow.swift; sourceTree = "<group>"; };
		A7258D5826D28A0F0008C852 /* ContentView.swift */ = {isa = PBXFileReference; lastKnownFileType = sourcecode.swift; path = ContentView.swift; sourceTree = "<group>"; };
		A7258D5A26D290460008C852 /* ContentViewRow.swift */ = {isa = PBXFileReference; lastKnownFileType = sourcecode.swift; path = ContentViewRow.swift; sourceTree = "<group>"; };
		A7258D5E26D292340008C852 /* ContentDetailView.swift */ = {isa = PBXFileReference; lastKnownFileType = sourcecode.swift; path = ContentDetailView.swift; sourceTree = "<group>"; };
		A7258D6126D293EE0008C852 /* AVKit.framework */ = {isa = PBXFileReference; lastKnownFileType = wrapper.framework; name = AVKit.framework; path = System/Library/Frameworks/AVKit.framework; sourceTree = SDKROOT; };
		A7258D6326D294F80008C852 /* Constants.swift */ = {isa = PBXFileReference; lastKnownFileType = sourcecode.swift; path = Constants.swift; sourceTree = "<group>"; };
		A74E0AD626D26EC600C4929C /* style.html */ = {isa = PBXFileReference; fileEncoding = 4; lastKnownFileType = text.html; path = style.html; sourceTree = "<group>"; };
		A74E0AD726D26EC700C4929C /* data.json */ = {isa = PBXFileReference; fileEncoding = 4; lastKnownFileType = text.json; path = data.json; sourceTree = "<group>"; };
		A74E0ADA26D2713D00C4929C /* allModels.swift */ = {isa = PBXFileReference; lastKnownFileType = sourcecode.swift; path = allModels.swift; sourceTree = "<group>"; };
		A7782D6226CEECC2008B233D /* Learning App.app */ = {isa = PBXFileReference; explicitFileType = wrapper.application; includeInIndex = 0; path = "Learning App.app"; sourceTree = BUILT_PRODUCTS_DIR; };
		A7782D6526CEECC2008B233D /* LearningApp.swift */ = {isa = PBXFileReference; lastKnownFileType = sourcecode.swift; path = LearningApp.swift; sourceTree = "<group>"; };
		A7782D6726CEECC2008B233D /* HomeView.swift */ = {isa = PBXFileReference; lastKnownFileType = sourcecode.swift; path = HomeView.swift; sourceTree = "<group>"; };
		A7782D6926CEECC5008B233D /* Assets.xcassets */ = {isa = PBXFileReference; lastKnownFileType = folder.assetcatalog; path = Assets.xcassets; sourceTree = "<group>"; };
		A7782D6C26CEECC5008B233D /* Preview Assets.xcassets */ = {isa = PBXFileReference; lastKnownFileType = folder.assetcatalog; path = "Preview Assets.xcassets"; sourceTree = "<group>"; };
		A7782D6E26CEECC5008B233D /* Info.plist */ = {isa = PBXFileReference; lastKnownFileType = text.plist.xml; path = Info.plist; sourceTree = "<group>"; };
		A7782D7926CEEDE8008B233D /* ContentModel.swift */ = {isa = PBXFileReference; lastKnownFileType = sourcecode.swift; path = ContentModel.swift; sourceTree = "<group>"; };
		A7B7CFC826D7AFAE00879A64 /* CodeTextView.swift */ = {isa = PBXFileReference; lastKnownFileType = sourcecode.swift; path = CodeTextView.swift; sourceTree = "<group>"; };
/* End PBXFileReference section */

/* Begin PBXFrameworksBuildPhase section */
		A7782D5F26CEECC2008B233D /* Frameworks */ = {
			isa = PBXFrameworksBuildPhase;
			buildActionMask = 2147483647;
			files = (
				A7258D6226D293EE0008C852 /* AVKit.framework in Frameworks */,
			);
			runOnlyForDeploymentPostprocessing = 0;
		};
/* End PBXFrameworksBuildPhase section */

/* Begin PBXGroup section */
		A7258D6026D293ED0008C852 /* Frameworks */ = {
			isa = PBXGroup;
			children = (
				A7258D6126D293EE0008C852 /* AVKit.framework */,
			);
			name = Frameworks;
			sourceTree = "<group>";
		};
		A7782D5926CEECC2008B233D = {
			isa = PBXGroup;
			children = (
				A7782D6426CEECC2008B233D /* Learning App */,
				A7782D6326CEECC2008B233D /* Products */,
				A7258D6026D293ED0008C852 /* Frameworks */,
			);
			sourceTree = "<group>";
		};
		A7782D6326CEECC2008B233D /* Products */ = {
			isa = PBXGroup;
			children = (
				A7782D6226CEECC2008B233D /* Learning App.app */,
			);
			name = Products;
			sourceTree = "<group>";
		};
		A7782D6426CEECC2008B233D /* Learning App */ = {
			isa = PBXGroup;
			children = (
				A7782D6526CEECC2008B233D /* LearningApp.swift */,
				A7782D7426CEED3C008B233D /* Views */,
				A7782D7526CEED41008B233D /* ViewModels */,
				A7782D7626CEED4A008B233D /* Models */,
				A7782D7726CEED61008B233D /* Resources */,
				A7782D7826CEED6C008B233D /* Helpers */,
				A7782D6926CEECC5008B233D /* Assets.xcassets */,
				A7782D6E26CEECC5008B233D /* Info.plist */,
				A7782D6B26CEECC5008B233D /* Preview Content */,
			);
			path = "Learning App";
			sourceTree = "<group>";
		};
		A7782D6B26CEECC5008B233D /* Preview Content */ = {
			isa = PBXGroup;
			children = (
				A7782D6C26CEECC5008B233D /* Preview Assets.xcassets */,
			);
			path = "Preview Content";
			sourceTree = "<group>";
		};
		A7782D7426CEED3C008B233D /* Views */ = {
			isa = PBXGroup;
			children = (
				A7782D6726CEECC2008B233D /* HomeView.swift */,
				A7258D5626D27E610008C852 /* HomeViewRow.swift */,
				A7258D5826D28A0F0008C852 /* ContentView.swift */,
				A7258D5A26D290460008C852 /* ContentViewRow.swift */,
				A7258D5E26D292340008C852 /* ContentDetailView.swift */,
				A7B7CFC826D7AFAE00879A64 /* CodeTextView.swift */,
			);
			path = Views;
			sourceTree = "<group>";
		};
		A7782D7526CEED41008B233D /* ViewModels */ = {
			isa = PBXGroup;
			children = (
				A7782D7926CEEDE8008B233D /* ContentModel.swift */,
			);
			path = ViewModels;
			sourceTree = "<group>";
		};
		A7782D7626CEED4A008B233D /* Models */ = {
			isa = PBXGroup;
			children = (
				A74E0ADA26D2713D00C4929C /* allModels.swift */,
			);
			path = Models;
			sourceTree = "<group>";
		};
		A7782D7726CEED61008B233D /* Resources */ = {
			isa = PBXGroup;
			children = (
				A74E0AD726D26EC700C4929C /* data.json */,
				A74E0AD626D26EC600C4929C /* style.html */,
				A7258D6326D294F80008C852 /* Constants.swift */,
			);
			path = Resources;
			sourceTree = "<group>";
		};
		A7782D7826CEED6C008B233D /* Helpers */ = {
			isa = PBXGroup;
			children = (
			);
			path = Helpers;
			sourceTree = "<group>";
		};
/* End PBXGroup section */

/* Begin PBXNativeTarget section */
		A7782D6126CEECC2008B233D /* Learning App */ = {
			isa = PBXNativeTarget;
			buildConfigurationList = A7782D7126CEECC5008B233D /* Build configuration list for PBXNativeTarget "Learning App" */;
			buildPhases = (
				A7782D5E26CEECC2008B233D /* Sources */,
				A7782D5F26CEECC2008B233D /* Frameworks */,
				A7782D6026CEECC2008B233D /* Resources */,
			);
			buildRules = (
			);
			dependencies = (
			);
			name = "Learning App";
			productName = "Learning App";
			productReference = A7782D6226CEECC2008B233D /* Learning App.app */;
			productType = "com.apple.product-type.application";
		};
/* End PBXNativeTarget section */

/* Begin PBXProject section */
		A7782D5A26CEECC2008B233D /* Project object */ = {
			isa = PBXProject;
			attributes = {
				LastSwiftUpdateCheck = 1250;
				LastUpgradeCheck = 1250;
				TargetAttributes = {
					A7782D6126CEECC2008B233D = {
						CreatedOnToolsVersion = 12.5.1;
					};
				};
			};
			buildConfigurationList = A7782D5D26CEECC2008B233D /* Build configuration list for PBXProject "Learning App" */;
			compatibilityVersion = "Xcode 9.3";
			developmentRegion = en;
			hasScannedForEncodings = 0;
			knownRegions = (
				en,
				Base,
			);
			mainGroup = A7782D5926CEECC2008B233D;
			productRefGroup = A7782D6326CEECC2008B233D /* Products */;
			projectDirPath = "";
			projectRoot = "";
			targets = (
				A7782D6126CEECC2008B233D /* Learning App */,
			);
		};
/* End PBXProject section */

/* Begin PBXResourcesBuildPhase section */
		A7782D6026CEECC2008B233D /* Resources */ = {
			isa = PBXResourcesBuildPhase;
			buildActionMask = 2147483647;
			files = (
				A74E0AD826D26EC700C4929C /* style.html in Resources */,
				A7782D6D26CEECC5008B233D /* Preview Assets.xcassets in Resources */,
				A7782D6A26CEECC5008B233D /* Assets.xcassets in Resources */,
				A74E0AD926D26EC700C4929C /* data.json in Resources */,
			);
			runOnlyForDeploymentPostprocessing = 0;
		};
/* End PBXResourcesBuildPhase section */

/* Begin PBXSourcesBuildPhase section */
		A7782D5E26CEECC2008B233D /* Sources */ = {
			isa = PBXSourcesBuildPhase;
			buildActionMask = 2147483647;
			files = (
				A7782D6826CEECC2008B233D /* HomeView.swift in Sources */,
				A7258D5726D27E610008C852 /* HomeViewRow.swift in Sources */,
				A7258D5926D28A0F0008C852 /* ContentView.swift in Sources */,
				A7258D5F26D292340008C852 /* ContentDetailView.swift in Sources */,
				A7782D6626CEECC2008B233D /* LearningApp.swift in Sources */,
				A7258D5B26D290460008C852 /* ContentViewRow.swift in Sources */,
				A7B7CFC926D7AFAE00879A64 /* CodeTextView.swift in Sources */,
				A74E0ADB26D2713D00C4929C /* allModels.swift in Sources */,
				A7782D7A26CEEDE8008B233D /* ContentModel.swift in Sources */,
				A7258D6426D294F80008C852 /* Constants.swift in Sources */,
			);
			runOnlyForDeploymentPostprocessing = 0;
		};
/* End PBXSourcesBuildPhase section */

/* Begin XCBuildConfiguration section */
		A7782D6F26CEECC5008B233D /* Debug */ = {
			isa = XCBuildConfiguration;
			buildSettings = {
				ALWAYS_SEARCH_USER_PATHS = NO;
				CLANG_ANALYZER_NONNULL = YES;
				CLANG_ANALYZER_NUMBER_OBJECT_CONVERSION = YES_AGGRESSIVE;
				CLANG_CXX_LANGUAGE_STANDARD = "gnu++14";
				CLANG_CXX_LIBRARY = "libc++";
				CLANG_ENABLE_MODULES = YES;
				CLANG_ENABLE_OBJC_ARC = YES;
				CLANG_ENABLE_OBJC_WEAK = YES;
				CLANG_WARN_BLOCK_CAPTURE_AUTORELEASING = YES;
				CLANG_WARN_BOOL_CONVERSION = YES;
				CLANG_WARN_COMMA = YES;
				CLANG_WARN_CONSTANT_CONVERSION = YES;
				CLANG_WARN_DEPRECATED_OBJC_IMPLEMENTATIONS = YES;
				CLANG_WARN_DIRECT_OBJC_ISA_USAGE = YES_ERROR;
				CLANG_WARN_DOCUMENTATION_COMMENTS = YES;
				CLANG_WARN_EMPTY_BODY = YES;
				CLANG_WARN_ENUM_CONVERSION = YES;
				CLANG_WARN_INFINITE_RECURSION = YES;
				CLANG_WARN_INT_CONVERSION = YES;
				CLANG_WARN_NON_LITERAL_NULL_CONVERSION = YES;
				CLANG_WARN_OBJC_IMPLICIT_RETAIN_SELF = YES;
				CLANG_WARN_OBJC_LITERAL_CONVERSION = YES;
				CLANG_WARN_OBJC_ROOT_CLASS = YES_ERROR;
				CLANG_WARN_QUOTED_INCLUDE_IN_FRAMEWORK_HEADER = YES;
				CLANG_WARN_RANGE_LOOP_ANALYSIS = YES;
				CLANG_WARN_STRICT_PROTOTYPES = YES;
				CLANG_WARN_SUSPICIOUS_MOVE = YES;
				CLANG_WARN_UNGUARDED_AVAILABILITY = YES_AGGRESSIVE;
				CLANG_WARN_UNREACHABLE_CODE = YES;
				CLANG_WARN__DUPLICATE_METHOD_MATCH = YES;
				COPY_PHASE_STRIP = NO;
				DEBUG_INFORMATION_FORMAT = dwarf;
				ENABLE_STRICT_OBJC_MSGSEND = YES;
				ENABLE_TESTABILITY = YES;
				GCC_C_LANGUAGE_STANDARD = gnu11;
				GCC_DYNAMIC_NO_PIC = NO;
				GCC_NO_COMMON_BLOCKS = YES;
				GCC_OPTIMIZATION_LEVEL = 0;
				GCC_PREPROCESSOR_DEFINITIONS = (
					"DEBUG=1",
					"$(inherited)",
				);
				GCC_WARN_64_TO_32_BIT_CONVERSION = YES;
				GCC_WARN_ABOUT_RETURN_TYPE = YES_ERROR;
				GCC_WARN_UNDECLARED_SELECTOR = YES;
				GCC_WARN_UNINITIALIZED_AUTOS = YES_AGGRESSIVE;
				GCC_WARN_UNUSED_FUNCTION = YES;
				GCC_WARN_UNUSED_VARIABLE = YES;
				IPHONEOS_DEPLOYMENT_TARGET = 14.5;
				MTL_ENABLE_DEBUG_INFO = INCLUDE_SOURCE;
				MTL_FAST_MATH = YES;
				ONLY_ACTIVE_ARCH = YES;
				SDKROOT = iphoneos;
				SWIFT_ACTIVE_COMPILATION_CONDITIONS = DEBUG;
				SWIFT_OPTIMIZATION_LEVEL = "-Onone";
			};
			name = Debug;
		};
		A7782D7026CEECC5008B233D /* Release */ = {
			isa = XCBuildConfiguration;
			buildSettings = {
				ALWAYS_SEARCH_USER_PATHS = NO;
				CLANG_ANALYZER_NONNULL = YES;
				CLANG_ANALYZER_NUMBER_OBJECT_CONVERSION = YES_AGGRESSIVE;
				CLANG_CXX_LANGUAGE_STANDARD = "gnu++14";
				CLANG_CXX_LIBRARY = "libc++";
				CLANG_ENABLE_MODULES = YES;
				CLANG_ENABLE_OBJC_ARC = YES;
				CLANG_ENABLE_OBJC_WEAK = YES;
				CLANG_WARN_BLOCK_CAPTURE_AUTORELEASING = YES;
				CLANG_WARN_BOOL_CONVERSION = YES;
				CLANG_WARN_COMMA = YES;
				CLANG_WARN_CONSTANT_CONVERSION = YES;
				CLANG_WARN_DEPRECATED_OBJC_IMPLEMENTATIONS = YES;
				CLANG_WARN_DIRECT_OBJC_ISA_USAGE = YES_ERROR;
				CLANG_WARN_DOCUMENTATION_COMMENTS = YES;
				CLANG_WARN_EMPTY_BODY = YES;
				CLANG_WARN_ENUM_CONVERSION = YES;
				CLANG_WARN_INFINITE_RECURSION = YES;
				CLANG_WARN_INT_CONVERSION = YES;
				CLANG_WARN_NON_LITERAL_NULL_CONVERSION = YES;
				CLANG_WARN_OBJC_IMPLICIT_RETAIN_SELF = YES;
				CLANG_WARN_OBJC_LITERAL_CONVERSION = YES;
				CLANG_WARN_OBJC_ROOT_CLASS = YES_ERROR;
				CLANG_WARN_QUOTED_INCLUDE_IN_FRAMEWORK_HEADER = YES;
				CLANG_WARN_RANGE_LOOP_ANALYSIS = YES;
				CLANG_WARN_STRICT_PROTOTYPES = YES;
				CLANG_WARN_SUSPICIOUS_MOVE = YES;
				CLANG_WARN_UNGUARDED_AVAILABILITY = YES_AGGRESSIVE;
				CLANG_WARN_UNREACHABLE_CODE = YES;
				CLANG_WARN__DUPLICATE_METHOD_MATCH = YES;
				COPY_PHASE_STRIP = NO;
				DEBUG_INFORMATION_FORMAT = "dwarf-with-dsym";
				ENABLE_NS_ASSERTIONS = NO;
				ENABLE_STRICT_OBJC_MSGSEND = YES;
				GCC_C_LANGUAGE_STANDARD = gnu11;
				GCC_NO_COMMON_BLOCKS = YES;
				GCC_WARN_64_TO_32_BIT_CONVERSION = YES;
				GCC_WARN_ABOUT_RETURN_TYPE = YES_ERROR;
				GCC_WARN_UNDECLARED_SELECTOR = YES;
				GCC_WARN_UNINITIALIZED_AUTOS = YES_AGGRESSIVE;
				GCC_WARN_UNUSED_FUNCTION = YES;
				GCC_WARN_UNUSED_VARIABLE = YES;
				IPHONEOS_DEPLOYMENT_TARGET = 14.5;
				MTL_ENABLE_DEBUG_INFO = NO;
				MTL_FAST_MATH = YES;
				SDKROOT = iphoneos;
				SWIFT_COMPILATION_MODE = wholemodule;
				SWIFT_OPTIMIZATION_LEVEL = "-O";
				VALIDATE_PRODUCT = YES;
			};
			name = Release;
		};
		A7782D7226CEECC5008B233D /* Debug */ = {
			isa = XCBuildConfiguration;
			buildSettings = {
				ASSETCATALOG_COMPILER_APPICON_NAME = AppIcon;
				ASSETCATALOG_COMPILER_GLOBAL_ACCENT_COLOR_NAME = AccentColor;
				CODE_SIGN_STYLE = Automatic;
				DEVELOPMENT_ASSET_PATHS = "\"Learning App/Preview Content\"";
				ENABLE_PREVIEWS = YES;
				INFOPLIST_FILE = "Learning App/Info.plist";
				IPHONEOS_DEPLOYMENT_TARGET = 14.0;
				LD_RUNPATH_SEARCH_PATHS = (
					"$(inherited)",
					"@executable_path/Frameworks",
				);
				PRODUCT_BUNDLE_IDENTIFIER = "com.liamheskey.Learning-App";
				PRODUCT_NAME = "$(TARGET_NAME)";
				SWIFT_VERSION = 5.0;
				TARGETED_DEVICE_FAMILY = "1,2";
			};
			name = Debug;
		};
		A7782D7326CEECC5008B233D /* Release */ = {
			isa = XCBuildConfiguration;
			buildSettings = {
				ASSETCATALOG_COMPILER_APPICON_NAME = AppIcon;
				ASSETCATALOG_COMPILER_GLOBAL_ACCENT_COLOR_NAME = AccentColor;
				CODE_SIGN_STYLE = Automatic;
				DEVELOPMENT_ASSET_PATHS = "\"Learning App/Preview Content\"";
				ENABLE_PREVIEWS = YES;
				INFOPLIST_FILE = "Learning App/Info.plist";
				IPHONEOS_DEPLOYMENT_TARGET = 14.0;
				LD_RUNPATH_SEARCH_PATHS = (
					"$(inherited)",
					"@executable_path/Frameworks",
				);
				PRODUCT_BUNDLE_IDENTIFIER = "com.liamheskey.Learning-App";
				PRODUCT_NAME = "$(TARGET_NAME)";
				SWIFT_VERSION = 5.0;
				TARGETED_DEVICE_FAMILY = "1,2";
			};
			name = Release;
		};
/* End XCBuildConfiguration section */

/* Begin XCConfigurationList section */
		A7782D5D26CEECC2008B233D /* Build configuration list for PBXProject "Learning App" */ = {
			isa = XCConfigurationList;
			buildConfigurations = (
				A7782D6F26CEECC5008B233D /* Debug */,
				A7782D7026CEECC5008B233D /* Release */,
			);
			defaultConfigurationIsVisible = 0;
			defaultConfigurationName = Release;
		};
		A7782D7126CEECC5008B233D /* Build configuration list for PBXNativeTarget "Learning App" */ = {
			isa = XCConfigurationList;
			buildConfigurations = (
				A7782D7226CEECC5008B233D /* Debug */,
				A7782D7326CEECC5008B233D /* Release */,
			);
			defaultConfigurationIsVisible = 0;
			defaultConfigurationName = Release;
		};
/* End XCConfigurationList section */
	};
	rootObject = A7782D5A26CEECC2008B233D /* Project object */;
}
